Microsoft Visual Studio Solution File, Format Version 11.00
# Visual Studio 2008

Project("{E212E26B-061A-6BDE-C757-835EACA3C719}") = "MarioCartVR", "Assembly-CSharp-firstpass.csproj", "{FF59F2BF-ADB7-9F72-5EA1-DA81FA05680E}"
EndProject
Project("{E212E26B-061A-6BDE-C757-835EACA3C719}") = "MarioCartVR", "Assembly-CSharp.csproj", "{3E802C0B-6584-1D83-91DA-97BC062A8782}"
EndProject
Project("{E212E26B-061A-6BDE-C757-835EACA3C719}") = "MarioCartVR", "Assembly-CSharp-Editor.csproj", "{7777BC14-9652-4D23-0AAB-8650EB27B0E5}"
EndProject
Project("{E212E26B-061A-6BDE-C757-835EACA3C719}") = "MarioCartVR", "Assembly-UnityScript-firstpass.unityproj", "{1E612587-3A5F-C51C-A474-BDAFCA9EF4C4}"
EndProject
Project("{E212E26B-061A-6BDE-C757-835EACA3C719}") = "MarioCartVR", "Assembly-UnityScript.unityproj", "{29F66C19-2C2D-6795-A34F-3848C3C8BE33}"
EndProject
Project("{E212E26B-061A-6BDE-C757-835EACA3C719}") = "MarioCartVR", "Assembly-UnityScript-Editor.unityproj", "{8245D266-AE2E-004A-AEAC-3F144F3B82FE}"
EndProject
Global
	GlobalSection(SolutionConfigurationPlatforms) = preSolution
		Debug|Any CPU = Debug|Any CPU
		Release|Any CPU = Release|Any CPU
	EndGlobalSection
	GlobalSection(ProjectConfigurationPlatforms) = postSolution
		{FF59F2BF-ADB7-9F72-5EA1-DA81FA05680E}.Debug|Any CPU.ActiveCfg = Debug|Any CPU
		{FF59F2BF-ADB7-9F72-5EA1-DA81FA05680E}.Debug|Any CPU.Build.0 = Debug|Any CPU
		{FF59F2BF-ADB7-9F72-5EA1-DA81FA05680E}.Release|Any CPU.ActiveCfg = Release|Any CPU
		{FF59F2BF-ADB7-9F72-5EA1-DA81FA05680E}.Release|Any CPU.Build.0 = Release|Any CPU
		{3E802C0B-6584-1D83-91DA-97BC062A8782}.Debug|Any CPU.ActiveCfg = Debug|Any CPU
		{3E802C0B-6584-1D83-91DA-97BC062A8782}.Debug|Any CPU.Build.0 = Debug|Any CPU
		{3E802C0B-6584-1D83-91DA-97BC062A8782}.Release|Any CPU.ActiveCfg = Release|Any CPU
		{3E802C0B-6584-1D83-91DA-97BC062A8782}.Release|Any CPU.Build.0 = Release|Any CPU
		{7777BC14-9652-4D23-0AAB-8650EB27B0E5}.Debug|Any CPU.ActiveCfg = Debug|Any CPU
		{7777BC14-9652-4D23-0AAB-8650EB27B0E5}.Debug|Any CPU.Build.0 = Debug|Any CPU
		{7777BC14-9652-4D23-0AAB-8650EB27B0E5}.Release|Any CPU.ActiveCfg = Release|Any CPU
		{7777BC14-9652-4D23-0AAB-8650EB27B0E5}.Release|Any CPU.Build.0 = Release|Any CPU
		{1E612587-3A5F-C51C-A474-BDAFCA9EF4C4}.Debug|Any CPU.ActiveCfg = Debug|Any CPU
		{1E612587-3A5F-C51C-A474-BDAFCA9EF4C4}.Debug|Any CPU.Build.0 = Debug|Any CPU
		{1E612587-3A5F-C51C-A474-BDAFCA9EF4C4}.Release|Any CPU.ActiveCfg = Release|Any CPU
		{1E612587-3A5F-C51C-A474-BDAFCA9EF4C4}.Release|Any CPU.Build.0 = Release|Any CPU
		{29F66C19-2C2D-6795-A34F-3848C3C8BE33}.Debug|Any CPU.ActiveCfg = Debug|Any CPU
		{29F66C19-2C2D-6795-A34F-3848C3C8BE33}.Debug|Any CPU.Build.0 = Debug|Any CPU
		{29F66C19-2C2D-6795-A34F-3848C3C8BE33}.Release|Any CPU.ActiveCfg = Release|Any CPU
		{29F66C19-2C2D-6795-A34F-3848C3C8BE33}.Release|Any CPU.Build.0 = Release|Any CPU
		{8245D266-AE2E-004A-AEAC-3F144F3B82FE}.Debug|Any CPU.ActiveCfg = Debug|Any CPU
		{8245D266-AE2E-004A-AEAC-3F144F3B82FE}.Debug|Any CPU.Build.0 = Debug|Any CPU
		{8245D266-AE2E-004A-AEAC-3F144F3B82FE}.Release|Any CPU.ActiveCfg = Release|Any CPU
		{8245D266-AE2E-004A-AEAC-3F144F3B82FE}.Release|Any CPU.Build.0 = Release|Any CPU
	EndGlobalSection
	GlobalSection(SolutionProperties) = preSolution
		HideSolutionNode = FALSE
	EndGlobalSection
																																																																										GlobalSection(MonoDevelopProperties) = preSolution
		StartupItem = Assembly-CSharp.csproj
		Policies = $0
		$0.TextStylePolicy = $1
		$1.inheritsSet = null
		$1.scope = text/x-csharp
		$0.CSharpFormattingPolicy = $2
		$2.inheritsSet = Mono
		$2.inheritsScope = text/x-csharp
		$2.scope = text/x-csharp
		$0.TextStylePolicy = $3
		$3.FileWidth = 120
		$3.TabWidth = 4
		$3.EolMarker = Unix
		$3.inheritsSet = Mono
		$3.inheritsScope = text/plain
		$3.scope = text/plain
	EndGlobalSection

EndGlobal
